
Microsoft Visual Studio Solution File, Format Version 12.00
# Visual Studio Version 17
VisualStudioVersion = 17.10.35013.160
MinimumVisualStudioVersion = 10.0.40219.1
Project("{FAE04EC0-301F-11D3-BF4B-00C04F79EFBC}") = "SoundWaveOfficial", "SoundWaveOfficial.csproj", "{0D458D31-5AF4-40D9-BC8D-EBF5104BFC64}"
EndProject
Global
	GlobalSection(SolutionConfigurationPlatforms) = preSolution
		Debug|Any CPU = Debug|Any CPU
		Release|Any CPU = Release|Any CPU
	EndGlobalSection
	GlobalSection(ProjectConfigurationPlatforms) = postSolution
		{0D458D31-5AF4-40D9-BC8D-EBF5104BFC64}.Debug|Any CPU.ActiveCfg = Debug|Any CPU
		{0D458D31-5AF4-40D9-BC8D-EBF5104BFC64}.Debug|Any CPU.Build.0 = Debug|Any CPU
		{0D458D31-5AF4-40D9-BC8D-EBF5104BFC64}.Release|Any CPU.ActiveCfg = Release|Any CPU
		{0D458D31-5AF4-40D9-BC8D-EBF5104BFC64}.Release|Any CPU.Build.0 = Release|Any CPU
	EndGlobalSection
	GlobalSection(SolutionProperties) = preSolution
		HideSolutionNode = FALSE
	EndGlobalSection
	GlobalSection(ExtensibilityGlobals) = postSolution
		SolutionGuid = {6AB0B7FE-DCDE-4EA3-BC8A-ED0CF11B3974}
	EndGlobalSection
EndGlobal
